
Microsoft Visual Studio Solution File, Format Version 12.00
# Visual Studio Version 17
VisualStudioVersion = 17.13.35931.197 d17.13
MinimumVisualStudioVersion = 10.0.40219.1
Project("{FAE04EC0-301F-11D3-BF4B-00C04F79EFBC}") = "Desafio-Atendimento-CRM", "Desafio-Atendimento-CRM.csproj", "{09070701-2559-43A1-89E6-59B5C53F3A27}"
EndProject
Global
	GlobalSection(SolutionConfigurationPlatforms) = preSolution
		Debug|Any CPU = Debug|Any CPU
		Release|Any CPU = Release|Any CPU
	EndGlobalSection
	GlobalSection(ProjectConfigurationPlatforms) = postSolution
		{09070701-2559-43A1-89E6-59B5C53F3A27}.Debug|Any CPU.ActiveCfg = Debug|Any CPU
		{09070701-2559-43A1-89E6-59B5C53F3A27}.Debug|Any CPU.Build.0 = Debug|Any CPU
		{09070701-2559-43A1-89E6-59B5C53F3A27}.Release|Any CPU.ActiveCfg = Release|Any CPU
		{09070701-2559-43A1-89E6-59B5C53F3A27}.Release|Any CPU.Build.0 = Release|Any CPU
	EndGlobalSection
	GlobalSection(SolutionProperties) = preSolution
		HideSolutionNode = FALSE
	EndGlobalSection
	GlobalSection(ExtensibilityGlobals) = postSolution
		SolutionGuid = {35592CD8-95F6-4DDB-9518-A3C4EDA69D39}
	EndGlobalSection
EndGlobal
